
Microsoft Visual Studio Solution File, Format Version 12.00
# Visual Studio Version 17
VisualStudioVersion = 17.2.32616.157
MinimumVisualStudioVersion = 10.0.40219.1
Project("{9A19103F-16F7-4668-BE54-9A1E7A4F7556}") = "UserCertificateAutoEnrollment-KeyStoreAPI", "UserCertificateAutoEnrollment-KeyStoreAPI\UserCertificateAutoEnrollment-KeyStoreAPI.csproj", "{696CACA4-5428-4154-ABBE-F6197712E469}"
EndProject
Project("{9A19103F-16F7-4668-BE54-9A1E7A4F7556}") = "UserCertificateAutoEnrollment.BL", "UserCertificateAutoEnrollment.BL\UserCertificateAutoEnrollment.BL.csproj", "{07065FB8-02C1-4A17-947C-9E57C1418D41}"
EndProject
Project("{2150E333-8FDC-42A3-9474-1A3956D46DE8}") = "Solution Items", "Solution Items", "{5C6A8A08-3783-4DEA-852B-72A2F13A5714}"
	ProjectSection(SolutionItems) = preProject
		.editorconfig = .editorconfig
	EndProjectSection
EndProject
Project("{9A19103F-16F7-4668-BE54-9A1E7A4F7556}") = "UserCertificateAutoEnrollment.BL.macOS", "UserCertificateAutoEnrollment.BL.macOS\UserCertificateAutoEnrollment.BL.macOS.csproj", "{24B3D164-F471-400F-B349-0950493E8C90}"
EndProject
Project("{9A19103F-16F7-4668-BE54-9A1E7A4F7556}") = "UserCetrificateAutoEnrollment.BL.Windows", "UserCetrificateAutoEnrollment.BL.Windows\UserCetrificateAutoEnrollment.BL.Windows.csproj", "{B3AB9A8A-6382-4052-8635-C0158DFE308C}"
EndProject
Project("{9A19103F-16F7-4668-BE54-9A1E7A4F7556}") = "UserCertificateAutoEnrollment.BL.Common", "UserCertificateAutoEnrollment.BL.Common\UserCertificateAutoEnrollment.BL.Common.csproj", "{701A4383-06EE-450C-9FDA-68AD14D0CDFD}"
EndProject
Project("{FAE04EC0-301F-11D3-BF4B-00C04F79EFBC}") = "UCAE-KeyStoreSelfHostedApi", "UCAE-KeyStoreSelfHostedApi\UCAE-KeyStoreSelfHostedApi.csproj", "{E4CE5E90-67D1-4634-AA05-1ED98DD77F99}"
EndProject
Global
	GlobalSection(SolutionConfigurationPlatforms) = preSolution
		Debug|Any CPU = Debug|Any CPU
		Release|Any CPU = Release|Any CPU
	EndGlobalSection
	GlobalSection(ProjectConfigurationPlatforms) = postSolution
		{696CACA4-5428-4154-ABBE-F6197712E469}.Debug|Any CPU.ActiveCfg = Debug|Any CPU
		{696CACA4-5428-4154-ABBE-F6197712E469}.Debug|Any CPU.Build.0 = Debug|Any CPU
		{696CACA4-5428-4154-ABBE-F6197712E469}.Release|Any CPU.ActiveCfg = Release|Any CPU
		{696CACA4-5428-4154-ABBE-F6197712E469}.Release|Any CPU.Build.0 = Release|Any CPU
		{07065FB8-02C1-4A17-947C-9E57C1418D41}.Debug|Any CPU.ActiveCfg = Debug|Any CPU
		{07065FB8-02C1-4A17-947C-9E57C1418D41}.Debug|Any CPU.Build.0 = Debug|Any CPU
		{07065FB8-02C1-4A17-947C-9E57C1418D41}.Release|Any CPU.ActiveCfg = Release|Any CPU
		{07065FB8-02C1-4A17-947C-9E57C1418D41}.Release|Any CPU.Build.0 = Release|Any CPU
		{24B3D164-F471-400F-B349-0950493E8C90}.Debug|Any CPU.ActiveCfg = Debug|Any CPU
		{24B3D164-F471-400F-B349-0950493E8C90}.Debug|Any CPU.Build.0 = Debug|Any CPU
		{24B3D164-F471-400F-B349-0950493E8C90}.Release|Any CPU.ActiveCfg = Release|Any CPU
		{24B3D164-F471-400F-B349-0950493E8C90}.Release|Any CPU.Build.0 = Release|Any CPU
		{B3AB9A8A-6382-4052-8635-C0158DFE308C}.Debug|Any CPU.ActiveCfg = Debug|Any CPU
		{B3AB9A8A-6382-4052-8635-C0158DFE308C}.Debug|Any CPU.Build.0 = Debug|Any CPU
		{B3AB9A8A-6382-4052-8635-C0158DFE308C}.Release|Any CPU.ActiveCfg = Release|Any CPU
		{B3AB9A8A-6382-4052-8635-C0158DFE308C}.Release|Any CPU.Build.0 = Release|Any CPU
		{701A4383-06EE-450C-9FDA-68AD14D0CDFD}.Debug|Any CPU.ActiveCfg = Debug|Any CPU
		{701A4383-06EE-450C-9FDA-68AD14D0CDFD}.Debug|Any CPU.Build.0 = Debug|Any CPU
		{701A4383-06EE-450C-9FDA-68AD14D0CDFD}.Release|Any CPU.ActiveCfg = Release|Any CPU
		{701A4383-06EE-450C-9FDA-68AD14D0CDFD}.Release|Any CPU.Build.0 = Release|Any CPU
		{E4CE5E90-67D1-4634-AA05-1ED98DD77F99}.Debug|Any CPU.ActiveCfg = Debug|Any CPU
		{E4CE5E90-67D1-4634-AA05-1ED98DD77F99}.Debug|Any CPU.Build.0 = Debug|Any CPU
		{E4CE5E90-67D1-4634-AA05-1ED98DD77F99}.Release|Any CPU.ActiveCfg = Release|Any CPU
		{E4CE5E90-67D1-4634-AA05-1ED98DD77F99}.Release|Any CPU.Build.0 = Release|Any CPU
	EndGlobalSection
	GlobalSection(SolutionProperties) = preSolution
		HideSolutionNode = FALSE
	EndGlobalSection
	GlobalSection(ExtensibilityGlobals) = postSolution
		SolutionGuid = {4FA3724F-1A9B-4137-8574-CEE2F4EC6F6B}
	EndGlobalSection
EndGlobal
